
Microsoft Visual Studio Solution File, Format Version 12.00
# Visual Studio Version 16
VisualStudioVersion = 16.0.29806.167
MinimumVisualStudioVersion = 10.0.40219.1
Project("{FAE04EC0-301F-11D3-BF4B-00C04F79EFBC}") = "BookStoreCorrected", "BookStoreCorrected\BookStoreCorrected.csproj", "{33EB35A8-A6CA-4BB4-8877-D54ECCF5B54F}"
EndProject
Global
	GlobalSection(SolutionConfigurationPlatforms) = preSolution
		Debug|Any CPU = Debug|Any CPU
		Release|Any CPU = Release|Any CPU
	EndGlobalSection
	GlobalSection(ProjectConfigurationPlatforms) = postSolution
		{33EB35A8-A6CA-4BB4-8877-D54ECCF5B54F}.Debug|Any CPU.ActiveCfg = Debug|Any CPU
		{33EB35A8-A6CA-4BB4-8877-D54ECCF5B54F}.Debug|Any CPU.Build.0 = Debug|Any CPU
		{33EB35A8-A6CA-4BB4-8877-D54ECCF5B54F}.Release|Any CPU.ActiveCfg = Release|Any CPU
		{33EB35A8-A6CA-4BB4-8877-D54ECCF5B54F}.Release|Any CPU.Build.0 = Release|Any CPU
	EndGlobalSection
	GlobalSection(SolutionProperties) = preSolution
		HideSolutionNode = FALSE
	EndGlobalSection
	GlobalSection(ExtensibilityGlobals) = postSolution
		SolutionGuid = {31EEDA4C-115F-4B4D-A169-CFD783A3D5F1}
	EndGlobalSection
EndGlobal
